
Microsoft Visual Studio Solution File, Format Version 12.00
# Visual Studio Version 16
VisualStudioVersion = 16.0.32228.343
MinimumVisualStudioVersion = 10.0.40219.1
Project("{FAE04EC0-301F-11D3-BF4B-00C04F79EFBC}") = "mvc-game", "mvc-game\mvc-game.csproj", "{8F6D88E4-F544-46E3-8EA1-D8A90A3372E2}"
EndProject
Project("{FAE04EC0-301F-11D3-BF4B-00C04F79EFBC}") = "mvc-game.Tests", "mvc-game.Tests\mvc-game.Tests.csproj", "{683B67F4-BA0A-4E5F-A8BF-42292A472636}"
EndProject
Global
	GlobalSection(SolutionConfigurationPlatforms) = preSolution
		Debug|Any CPU = Debug|Any CPU
		Release|Any CPU = Release|Any CPU
	EndGlobalSection
	GlobalSection(ProjectConfigurationPlatforms) = postSolution
		{8F6D88E4-F544-46E3-8EA1-D8A90A3372E2}.Debug|Any CPU.ActiveCfg = Debug|Any CPU
		{8F6D88E4-F544-46E3-8EA1-D8A90A3372E2}.Debug|Any CPU.Build.0 = Debug|Any CPU
		{8F6D88E4-F544-46E3-8EA1-D8A90A3372E2}.Release|Any CPU.ActiveCfg = Release|Any CPU
		{8F6D88E4-F544-46E3-8EA1-D8A90A3372E2}.Release|Any CPU.Build.0 = Release|Any CPU
		{683B67F4-BA0A-4E5F-A8BF-42292A472636}.Debug|Any CPU.ActiveCfg = Debug|Any CPU
		{683B67F4-BA0A-4E5F-A8BF-42292A472636}.Debug|Any CPU.Build.0 = Debug|Any CPU
		{683B67F4-BA0A-4E5F-A8BF-42292A472636}.Release|Any CPU.ActiveCfg = Release|Any CPU
		{683B67F4-BA0A-4E5F-A8BF-42292A472636}.Release|Any CPU.Build.0 = Release|Any CPU
	EndGlobalSection
	GlobalSection(SolutionProperties) = preSolution
		HideSolutionNode = FALSE
	EndGlobalSection
	GlobalSection(ExtensibilityGlobals) = postSolution
		SolutionGuid = {DDE147B4-5212-4B74-B951-061BB0209DAE}
	EndGlobalSection
EndGlobal
